PODS:
  - CTAssetsPickerController (2.8.1)
  - FMDB (2.5):
    - FMDB/standard (= 2.5)
  - FMDB/common (2.5)
  - FMDB/standard (2.5):
    - FMDB/common
  - MJExtension (0.2.0)
  - SDWebImage (3.7.1):
    - SDWebImage/Core (= 3.7.1)
  - SDWebImage/Core (3.7.1)
  - VCTransitionsLibrary (1.5.0)

DEPENDENCIES:
  - CTAssetsPickerController (~> 2.8.0)
  - FMDB
  - MJExtension
  - SDWebImage
  - VCTransitionsLibrary

SPEC CHECKSUMS:
  CTAssetsPickerController: b725e95ec8c75a74ecb58edb02b35d606d333bcc
  FMDB: 0efa188cf0dd1ce82c27a478cd5f5fa245308677
  MJExtension: 4d179914dbec2b6ca826f8296181fc1d4013781e
  SDWebImage: 116e88633b5b416ea0ca4b334a4ac59cf72dd38d
  VCTransitionsLibrary: 3c33ef649f7380bdb5bff5212f01c8f3f9eb5492

COCOAPODS: 0.35.0
