// !$*UTF8*$!
{
	archiveVersion = 1;
	classes = {
	};
	objectVersion = 46;
	objects = {

/* Begin PBXBuildFile section */
		6709A49A1AA46B67004CF88A /* TYDebugLog.m in Sources */ = {isa = PBXBuildFile; fileRef = 6709A4991AA46B67004CF88A /* TYDebugLog.m */; };
		6709A49E1AA46EF1004CF88A /* TYAccount.m in Sources */ = {isa = PBXBuildFile; fileRef = 6709A49D1AA46EF1004CF88A /* TYAccount.m */; };
		6709A4BF1AA479CF004CF88A /* TYShareStorage.m in Sources */ = {isa = PBXBuildFile; fileRef = 6709A4BE1AA479CF004CF88A /* TYShareStorage.m */; };
		672F59B91AD19327002BC84C /* TYBaseNavigationController.m in Sources */ = {isa = PBXBuildFile; fileRef = 672F59B81AD19327002BC84C /* TYBaseNavigationController.m */; };
		672F59BD1AD19537002BC84C /* TYAnimationController.m in Sources */ = {isa = PBXBuildFile; fileRef = 672F59BC1AD19537002BC84C /* TYAnimationController.m */; };
		672F59C01AD1966C002BC84C /* TYViewControllerAnimationDelegate.m in Sources */ = {isa = PBXBuildFile; fileRef = 672F59BF1AD1966C002BC84C /* TYViewControllerAnimationDelegate.m */; };
		67376C7D1AB7C86300EB7215 /* TYTextView.m in Sources */ = {isa = PBXBuildFile; fileRef = 67376C7C1AB7C86300EB7215 /* TYTextView.m */; };
		67376C801AB7C94400EB7215 /* NSString+TY.m in Sources */ = {isa = PBXBuildFile; fileRef = 67376C7F1AB7C94400EB7215 /* NSString+TY.m */; };
		674364F31AD2D06300CA6EF0 /* RSRegisterViewController.storyboard in Resources */ = {isa = PBXBuildFile; fileRef = 674364F21AD2D06300CA6EF0 /* RSRegisterViewController.storyboard */; };
		674365021AD2D10600CA6EF0 /* RSEmailRegisterViewController.m in Sources */ = {isa = PBXBuildFile; fileRef = 674364F51AD2D10600CA6EF0 /* RSEmailRegisterViewController.m */; };
		674365031AD2D10600CA6EF0 /* TYFillPersonalMessageViewControllr.m in Sources */ = {isa = PBXBuildFile; fileRef = 674364F71AD2D10600CA6EF0 /* TYFillPersonalMessageViewControllr.m */; };
		674365041AD2D10600CA6EF0 /* TYFillProfileViewController.m in Sources */ = {isa = PBXBuildFile; fileRef = 674364F91AD2D10600CA6EF0 /* TYFillProfileViewController.m */; };
		674365061AD2D10600CA6EF0 /* RSTextFieldKeyboardViewController.m in Sources */ = {isa = PBXBuildFile; fileRef = 674364FD1AD2D10600CA6EF0 /* RSTextFieldKeyboardViewController.m */; };
		674365071AD2D10600CA6EF0 /* TYRegisterHomeViewController.m in Sources */ = {isa = PBXBuildFile; fileRef = 674364FF1AD2D10600CA6EF0 /* TYRegisterHomeViewController.m */; };
		674365081AD2D10600CA6EF0 /* VPImageCropperViewController.m in Sources */ = {isa = PBXBuildFile; fileRef = 674365011AD2D10600CA6EF0 /* VPImageCropperViewController.m */; };
		6743650E1AD2DCA900CA6EF0 /* TYRegisterViewController.m in Sources */ = {isa = PBXBuildFile; fileRef = 6743650D1AD2DCA900CA6EF0 /* TYRegisterViewController.m */; };
		6755DEB91AA40267000120B9 /* main.m in Sources */ = {isa = PBXBuildFile; fileRef = 6755DEB81AA40267000120B9 /* main.m */; };
		6755DEC41AA40267000120B9 /* Images.xcassets in Resources */ = {isa = PBXBuildFile; fileRef = 6755DEC31AA40267000120B9 /* Images.xcassets */; };
		6755DED31AA40267000120B9 /* TYHomeworkTests.m in Sources */ = {isa = PBXBuildFile; fileRef = 6755DED21AA40267000120B9 /* TYHomeworkTests.m */; };
		6755DEE61AA40B57000120B9 /* TYObject.m in Sources */ = {isa = PBXBuildFile; fileRef = 6755DEE51AA40B57000120B9 /* TYObject.m */; };
		6755DEE91AA40B80000120B9 /* TYBaseView.m in Sources */ = {isa = PBXBuildFile; fileRef = 6755DEE81AA40B80000120B9 /* TYBaseView.m */; };
		6755DEEC1AA40B9E000120B9 /* TYBaseViewController.m in Sources */ = {isa = PBXBuildFile; fileRef = 6755DEEB1AA40B9E000120B9 /* TYBaseViewController.m */; };
		6755DEF01AA40BD5000120B9 /* TYBaseCell.m in Sources */ = {isa = PBXBuildFile; fileRef = 6755DEEF1AA40BD5000120B9 /* TYBaseCell.m */; };
		6755DEF31AA40C12000120B9 /* TYBaseTableViewController.m in Sources */ = {isa = PBXBuildFile; fileRef = 6755DEF21AA40C12000120B9 /* TYBaseTableViewController.m */; };
		6755DEF61AA40C8A000120B9 /* WelcomeViewController.storyboard in Resources */ = {isa = PBXBuildFile; fileRef = 6755DEF51AA40C8A000120B9 /* WelcomeViewController.storyboard */; };
		6755DF341AA44226000120B9 /* TYWelcomeViewController.m in Sources */ = {isa = PBXBuildFile; fileRef = 6755DF331AA44226000120B9 /* TYWelcomeViewController.m */; };
		6755DF391AA455DE000120B9 /* TYViewControllerLoader.m in Sources */ = {isa = PBXBuildFile; fileRef = 6755DF381AA455DE000120B9 /* TYViewControllerLoader.m */; };
		6755DF401AA459B1000120B9 /* TYHomeViewController.m in Sources */ = {isa = PBXBuildFile; fileRef = 6755DF3F1AA459B1000120B9 /* TYHomeViewController.m */; };
		6755DF481AA45A56000120B9 /* TYLoginViewController.m in Sources */ = {isa = PBXBuildFile; fileRef = 6755DF471AA45A56000120B9 /* TYLoginViewController.m */; };
		6755DF601AA466E9000120B9 /* TYDatabaseConnector.m in Sources */ = {isa = PBXBuildFile; fileRef = 6755DF5F1AA466E9000120B9 /* TYDatabaseConnector.m */; };
		6764CB951AD2DF2E000A090B /* RSProgressHUD.bundle in Resources */ = {isa = PBXBuildFile; fileRef = 6764CB921AD2DF2E000A090B /* RSProgressHUD.bundle */; };
		6764CB961AD2DF2E000A090B /* RSProgressHUD.m in Sources */ = {isa = PBXBuildFile; fileRef = 6764CB941AD2DF2E000A090B /* RSProgressHUD.m */; };
		6764CB9A1AD2E13F000A090B /* TYAccountAccess.m in Sources */ = {isa = PBXBuildFile; fileRef = 6764CB991AD2E13F000A090B /* TYAccountAccess.m */; };
		6764CB9E1AD2E24D000A090B /* TYPasswordEncoder.m in Sources */ = {isa = PBXBuildFile; fileRef = 6764CB9D1AD2E24D000A090B /* TYPasswordEncoder.m */; };
		6764CBA21AD2E584000A090B /* TYNameVerify.m in Sources */ = {isa = PBXBuildFile; fileRef = 6764CBA11AD2E584000A090B /* TYNameVerify.m */; };
		6764CBA71AD2E8A9000A090B /* RSOptions.m in Sources */ = {isa = PBXBuildFile; fileRef = 6764CBA61AD2E8A9000A090B /* RSOptions.m */; };
		6764CBAA1AD2EA1D000A090B /* TYEmailVerify.m in Sources */ = {isa = PBXBuildFile; fileRef = 6764CBA91AD2EA1D000A090B /* TYEmailVerify.m */; };
		6764CBAF1AD2ECAE000A090B /* RSSettingSelectView.m in Sources */ = {isa = PBXBuildFile; fileRef = 6764CBAD1AD2ECAE000A090B /* RSSettingSelectView.m */; };
		6764CBB01AD2ECAE000A090B /* RSSettingSelectView.xib in Resources */ = {isa = PBXBuildFile; fileRef = 6764CBAE1AD2ECAE000A090B /* RSSettingSelectView.xib */; };
		6764CBC71AD2ED60000A090B /* RSCommonLabel.m in Sources */ = {isa = PBXBuildFile; fileRef = 6764CBB31AD2ED60000A090B /* RSCommonLabel.m */; };
		6764CBC81AD2ED60000A090B /* RSMultiImageEditView.m in Sources */ = {isa = PBXBuildFile; fileRef = 6764CBB51AD2ED60000A090B /* RSMultiImageEditView.m */; };
		6764CBC91AD2ED60000A090B /* RSRoundImageView.m in Sources */ = {isa = PBXBuildFile; fileRef = 6764CBB71AD2ED60000A090B /* RSRoundImageView.m */; };
		6764CBCA1AD2ED60000A090B /* RSRoundView.swift in Sources */ = {isa = PBXBuildFile; fileRef = 6764CBB81AD2ED60000A090B /* RSRoundView.swift */; };
		6764CBCB1AD2ED60000A090B /* RSSeparateView.m in Sources */ = {isa = PBXBuildFile; fileRef = 6764CBBA1AD2ED60000A090B /* RSSeparateView.m */; };
		6764CBCC1AD2ED60000A090B /* RSShareActionView.m in Sources */ = {isa = PBXBuildFile; fileRef = 6764CBBD1AD2ED60000A090B /* RSShareActionView.m */; };
		6764CBCD1AD2ED60000A090B /* RSView.swift in Sources */ = {isa = PBXBuildFile; fileRef = 6764CBBE1AD2ED60000A090B /* RSView.swift */; };
		6764CBCE1AD2ED60000A090B /* TYCustomBtn.m in Sources */ = {isa = PBXBuildFile; fileRef = 6764CBC01AD2ED60000A090B /* TYCustomBtn.m */; };
		6764CBCF1AD2ED60000A090B /* UIImage+Resize.m in Sources */ = {isa = PBXBuildFile; fileRef = 6764CBC21AD2ED60000A090B /* UIImage+Resize.m */; };
		6764CBD01AD2ED60000A090B /* UIImage+TY.m in Sources */ = {isa = PBXBuildFile; fileRef = 6764CBC41AD2ED60000A090B /* UIImage+TY.m */; };
		6764CBD11AD2ED60000A090B /* UIView+Ellipse.m in Sources */ = {isa = PBXBuildFile; fileRef = 6764CBC61AD2ED60000A090B /* UIView+Ellipse.m */; };
		6764CBD41AD2F098000A090B /* TYThread.m in Sources */ = {isa = PBXBuildFile; fileRef = 6764CBD31AD2F098000A090B /* TYThread.m */; };
		6764CBD71AD2F2AD000A090B /* TYPlaceholderTextView.m in Sources */ = {isa = PBXBuildFile; fileRef = 6764CBD61AD2F2AD000A090B /* TYPlaceholderTextView.m */; };
		67695A4A1AB73DF400FC595B /* TYDrawViewController.m in Sources */ = {isa = PBXBuildFile; fileRef = 67695A491AB73DF400FC595B /* TYDrawViewController.m */; };
		67695A4E1AB73E4700FC595B /* TyDrawView.m in Sources */ = {isa = PBXBuildFile; fileRef = 67695A4D1AB73E4700FC595B /* TyDrawView.m */; };
		678B3E241AA7F8E00021ED6D /* TYSharePath.m in Sources */ = {isa = PBXBuildFile; fileRef = 678B3E231AA7F8E00021ED6D /* TYSharePath.m */; };
		67FD72371AD0D998007EAE30 /* TYRowMapper.m in Sources */ = {isa = PBXBuildFile; fileRef = 67FD72361AD0D998007EAE30 /* TYRowMapper.m */; };
		67FD723C1AD0DB30007EAE30 /* AppDelegate.m in Sources */ = {isa = PBXBuildFile; fileRef = 67FD72391AD0DB30007EAE30 /* AppDelegate.m */; };
		67FD723D1AD0DB30007EAE30 /* ViewController.m in Sources */ = {isa = PBXBuildFile; fileRef = 67FD723B1AD0DB30007EAE30 /* ViewController.m */; };
		67FD72421AD0E20E007EAE30 /* LaunchScreen.xib in Resources */ = {isa = PBXBuildFile; fileRef = 67FD723E1AD0E20E007EAE30 /* LaunchScreen.xib */; };
		67FD72431AD0E20E007EAE30 /* Main.storyboard in Resources */ = {isa = PBXBuildFile; fileRef = 67FD72401AD0E20E007EAE30 /* Main.storyboard */; };
		A23FF36CB1663BD78ED43863 /* libPods.a in Frameworks */ = {isa = PBXBuildFile; fileRef = 02C877C3565F637E50DDE957 /* libPods.a */; };
/* End PBXBuildFile section */

/* Begin PBXContainerItemProxy section */
		6755DECD1AA40267000120B9 /* PBXContainerItemProxy */ = {
			isa = PBXContainerItemProxy;
			containerPortal = 6755DEAB1AA40267000120B9 /* Project object */;
			proxyType = 1;
			remoteGlobalIDString = 6755DEB21AA40267000120B9;
			remoteInfo = TYHomework;
		};
/* End PBXContainerItemProxy section */

/* Begin PBXFileReference section */
		02C877C3565F637E50DDE957 /* libPods.a */ = {isa = PBXFileReference; explicitFileType = archive.ar; includeInIndex = 0; path = libPods.a; sourceTree = BUILT_PRODUCTS_DIR; };
		6709A4981AA46B67004CF88A /* TYDebugLog.h */ = {isa = PBXFileReference; fileEncoding = 4; lastKnownFileType = sourcecode.c.h; path = TYDebugLog.h; sourceTree = "<group>"; };
		6709A4991AA46B67004CF88A /* TYDebugLog.m */ = {isa = PBXFileReference; fileEncoding = 4; lastKnownFileType = sourcecode.c.objc; path = TYDebugLog.m; sourceTree = "<group>"; };
		6709A49B1AA46DC2004CF88A /* TYCommonString.h */ = {isa = PBXFileReference; lastKnownFileType = sourcecode.c.h; path = TYCommonString.h; sourceTree = "<group>"; };
		6709A49C1AA46EF1004CF88A /* TYAccount.h */ = {isa = PBXFileReference; fileEncoding = 4; lastKnownFileType = sourcecode.c.h; path = TYAccount.h; sourceTree = "<group>"; };
		6709A49D1AA46EF1004CF88A /* TYAccount.m */ = {isa = PBXFileReference; fileEncoding = 4; lastKnownFileType = sourcecode.c.objc; path = TYAccount.m; sourceTree = "<group>"; };
		6709A4BD1AA479CF004CF88A /* TYShareStorage.h */ = {isa = PBXFileReference; fileEncoding = 4; lastKnownFileType = sourcecode.c.h; path = TYShareStorage.h; sourceTree = "<group>"; };
		6709A4BE1AA479CF004CF88A /* TYShareStorage.m */ = {isa = PBXFileReference; fileEncoding = 4; lastKnownFileType = sourcecode.c.objc; path = TYShareStorage.m; sourceTree = "<group>"; };
		672F59B71AD19327002BC84C /* TYBaseNavigationController.h */ = {isa = PBXFileReference; fileEncoding = 4; lastKnownFileType = sourcecode.c.h; path = TYBaseNavigationController.h; sourceTree = "<group>"; };
		672F59B81AD19327002BC84C /* TYBaseNavigationController.m */ = {isa = PBXFileReference; fileEncoding = 4; lastKnownFileType = sourcecode.c.objc; path = TYBaseNavigationController.m; sourceTree = "<group>"; };
		672F59BB1AD19537002BC84C /* TYAnimationController.h */ = {isa = PBXFileReference; fileEncoding = 4; lastKnownFileType = sourcecode.c.h; path = TYAnimationController.h; sourceTree = "<group>"; };
		672F59BC1AD19537002BC84C /* TYAnimationController.m */ = {isa = PBXFileReference; fileEncoding = 4; lastKnownFileType = sourcecode.c.objc; path = TYAnimationController.m; sourceTree = "<group>"; };
		672F59BE1AD1966C002BC84C /* TYViewControllerAnimationDelegate.h */ = {isa = PBXFileReference; fileEncoding = 4; lastKnownFileType = sourcecode.c.h; path = TYViewControllerAnimationDelegate.h; sourceTree = "<group>"; };
		672F59BF1AD1966C002BC84C /* TYViewControllerAnimationDelegate.m */ = {isa = PBXFileReference; fileEncoding = 4; lastKnownFileType = sourcecode.c.objc; path = TYViewControllerAnimationDelegate.m; sourceTree = "<group>"; };
		672F59C11AD19A2C002BC84C /* TYCommon.h */ = {isa = PBXFileReference; fileEncoding = 4; lastKnownFileType = sourcecode.c.h; path = TYCommon.h; sourceTree = "<group>"; };
		67376C7B1AB7C86300EB7215 /* TYTextView.h */ = {isa = PBXFileReference; fileEncoding = 4; lastKnownFileType = sourcecode.c.h; path = TYTextView.h; sourceTree = "<group>"; };
		67376C7C1AB7C86300EB7215 /* TYTextView.m */ = {isa = PBXFileReference; fileEncoding = 4; lastKnownFileType = sourcecode.c.objc; path = TYTextView.m; sourceTree = "<group>"; };
		67376C7E1AB7C94400EB7215 /* NSString+TY.h */ = {isa = PBXFileReference; fileEncoding = 4; lastKnownFileType = sourcecode.c.h; path = "NSString+TY.h"; sourceTree = "<group>"; };
		67376C7F1AB7C94400EB7215 /* NSString+TY.m */ = {isa = PBXFileReference; fileEncoding = 4; lastKnownFileType = sourcecode.c.objc; path = "NSString+TY.m"; sourceTree = "<group>"; };
		674364F21AD2D06300CA6EF0 /* RSRegisterViewController.storyboard */ = {isa = PBXFileReference; fileEncoding = 4; lastKnownFileType = file.storyboard; path = RSRegisterViewController.storyboard; sourceTree = "<group>"; };
		674364F41AD2D10600CA6EF0 /* RSEmailRegisterViewController.h */ = {isa = PBXFileReference; fileEncoding = 4; lastKnownFileType = sourcecode.c.h; path = RSEmailRegisterViewController.h; sourceTree = "<group>"; };
		674364F51AD2D10600CA6EF0 /* RSEmailRegisterViewController.m */ = {isa = PBXFileReference; fileEncoding = 4; lastKnownFileType = sourcecode.c.objc; path = RSEmailRegisterViewController.m; sourceTree = "<group>"; };
		674364F61AD2D10600CA6EF0 /* TYFillPersonalMessageViewControllr.h */ = {isa = PBXFileReference; fileEncoding = 4; lastKnownFileType = sourcecode.c.h; path = TYFillPersonalMessageViewControllr.h; sourceTree = "<group>"; };
		674364F71AD2D10600CA6EF0 /* TYFillPersonalMessageViewControllr.m */ = {isa = PBXFileReference; fileEncoding = 4; lastKnownFileType = sourcecode.c.objc; path = TYFillPersonalMessageViewControllr.m; sourceTree = "<group>"; };
		674364F81AD2D10600CA6EF0 /* TYFillProfileViewController.h */ = {isa = PBXFileReference; fileEncoding = 4; lastKnownFileType = sourcecode.c.h; path = TYFillProfileViewController.h; sourceTree = "<group>"; };
		674364F91AD2D10600CA6EF0 /* TYFillProfileViewController.m */ = {isa = PBXFileReference; fileEncoding = 4; lastKnownFileType = sourcecode.c.objc; path = TYFillProfileViewController.m; sourceTree = "<group>"; };
		674364FC1AD2D10600CA6EF0 /* RSTextFieldKeyboardViewController.h */ = {isa = PBXFileReference; fileEncoding = 4; lastKnownFileType = sourcecode.c.h; path = RSTextFieldKeyboardViewController.h; sourceTree = "<group>"; };
		674364FD1AD2D10600CA6EF0 /* RSTextFieldKeyboardViewController.m */ = {isa = PBXFileReference; fileEncoding = 4; lastKnownFileType = sourcecode.c.objc; path = RSTextFieldKeyboardViewController.m; sourceTree = "<group>"; };
		674364FE1AD2D10600CA6EF0 /* TYRegisterHomeViewController.h */ = {isa = PBXFileReference; fileEncoding = 4; lastKnownFileType = sourcecode.c.h; path = TYRegisterHomeViewController.h; sourceTree = "<group>"; };
		674364FF1AD2D10600CA6EF0 /* TYRegisterHomeViewController.m */ = {isa = PBXFileReference; fileEncoding = 4; lastKnownFileType = sourcecode.c.objc; path = TYRegisterHomeViewController.m; sourceTree = "<group>"; };
		674365001AD2D10600CA6EF0 /* VPImageCropperViewController.h */ = {isa = PBXFileReference; fileEncoding = 4; lastKnownFileType = sourcecode.c.h; path = VPImageCropperViewController.h; sourceTree = "<group>"; };
		674365011AD2D10600CA6EF0 /* VPImageCropperViewController.m */ = {isa = PBXFileReference; fileEncoding = 4; lastKnownFileType = sourcecode.c.objc; path = VPImageCropperViewController.m; sourceTree = "<group>"; };
		6743650C1AD2DCA900CA6EF0 /* TYRegisterViewController.h */ = {isa = PBXFileReference; fileEncoding = 4; lastKnownFileType = sourcecode.c.h; path = TYRegisterViewController.h; sourceTree = "<group>"; };
		6743650D1AD2DCA900CA6EF0 /* TYRegisterViewController.m */ = {isa = PBXFileReference; fileEncoding = 4; lastKnownFileType = sourcecode.c.objc; path = TYRegisterViewController.m; sourceTree = "<group>"; };
		6755DEB31AA40267000120B9 /* TYHomework.app */ = {isa = PBXFileReference; explicitFileType = wrapper.application; includeInIndex = 0; path = TYHomework.app; sourceTree = BUILT_PRODUCTS_DIR; };
		6755DEB71AA40267000120B9 /* Info.plist */ = {isa = PBXFileReference; lastKnownFileType = text.plist.xml; path = Info.plist; sourceTree = "<group>"; };
		6755DEB81AA40267000120B9 /* main.m */ = {isa = PBXFileReference; lastKnownFileType = sourcecode.c.objc; path = main.m; sourceTree = "<group>"; };
		6755DEC31AA40267000120B9 /* Images.xcassets */ = {isa = PBXFileReference; lastKnownFileType = folder.assetcatalog; path = Images.xcassets; sourceTree = "<group>"; };
		6755DECC1AA40267000120B9 /* TYHomeworkTests.xctest */ = {isa = PBXFileReference; explicitFileType = wrapper.cfbundle; includeInIndex = 0; path = TYHomeworkTests.xctest; sourceTree = BUILT_PRODUCTS_DIR; };
		6755DED11AA40267000120B9 /* Info.plist */ = {isa = PBXFileReference; lastKnownFileType = text.plist.xml; path = Info.plist; sourceTree = "<group>"; };
		6755DED21AA40267000120B9 /* TYHomeworkTests.m */ = {isa = PBXFileReference; lastKnownFileType = sourcecode.c.objc; path = TYHomeworkTests.m; sourceTree = "<group>"; };
		6755DEE41AA40B57000120B9 /* TYObject.h */ = {isa = PBXFileReference; fileEncoding = 4; lastKnownFileType = sourcecode.c.h; path = TYObject.h; sourceTree = "<group>"; };
		6755DEE51AA40B57000120B9 /* TYObject.m */ = {isa = PBXFileReference; fileEncoding = 4; lastKnownFileType = sourcecode.c.objc; path = TYObject.m; sourceTree = "<group>"; };
		6755DEE71AA40B80000120B9 /* TYBaseView.h */ = {isa = PBXFileReference; fileEncoding = 4; lastKnownFileType = sourcecode.c.h; path = TYBaseView.h; sourceTree = "<group>"; };
		6755DEE81AA40B80000120B9 /* TYBaseView.m */ = {isa = PBXFileReference; fileEncoding = 4; lastKnownFileType = sourcecode.c.objc; path = TYBaseView.m; sourceTree = "<group>"; };
		6755DEEA1AA40B9E000120B9 /* TYBaseViewController.h */ = {isa = PBXFileReference; fileEncoding = 4; lastKnownFileType = sourcecode.c.h; path = TYBaseViewController.h; sourceTree = "<group>"; };
		6755DEEB1AA40B9E000120B9 /* TYBaseViewController.m */ = {isa = PBXFileReference; fileEncoding = 4; lastKnownFileType = sourcecode.c.objc; path = TYBaseViewController.m; sourceTree = "<group>"; };
		6755DEEE1AA40BD5000120B9 /* TYBaseCell.h */ = {isa = PBXFileReference; fileEncoding = 4; lastKnownFileType = sourcecode.c.h; path = TYBaseCell.h; sourceTree = "<group>"; };
		6755DEEF1AA40BD5000120B9 /* TYBaseCell.m */ = {isa = PBXFileReference; fileEncoding = 4; lastKnownFileType = sourcecode.c.objc; path = TYBaseCell.m; sourceTree = "<group>"; };
		6755DEF11AA40C12000120B9 /* TYBaseTableViewController.h */ = {isa = PBXFileReference; fileEncoding = 4; lastKnownFileType = sourcecode.c.h; path = TYBaseTableViewController.h; sourceTree = "<group>"; };
		6755DEF21AA40C12000120B9 /* TYBaseTableViewController.m */ = {isa = PBXFileReference; fileEncoding = 4; lastKnownFileType = sourcecode.c.objc; path = TYBaseTableViewController.m; sourceTree = "<group>"; };
		6755DEF51AA40C8A000120B9 /* WelcomeViewController.storyboard */ = {isa = PBXFileReference; fileEncoding = 4; lastKnownFileType = file.storyboard; path = WelcomeViewController.storyboard; sourceTree = "<group>"; };
		6755DF321AA44226000120B9 /* TYWelcomeViewController.h */ = {isa = PBXFileReference; fileEncoding = 4; lastKnownFileType = sourcecode.c.h; path = TYWelcomeViewController.h; sourceTree = "<group>"; };
		6755DF331AA44226000120B9 /* TYWelcomeViewController.m */ = {isa = PBXFileReference; fileEncoding = 4; lastKnownFileType = sourcecode.c.objc; path = TYWelcomeViewController.m; sourceTree = "<group>"; };
		6755DF351AA44A85000120B9 /* TYHomework.pch */ = {isa = PBXFileReference; lastKnownFileType = sourcecode.c.h; path = TYHomework.pch; sourceTree = "<group>"; };
		6755DF371AA455DE000120B9 /* TYViewControllerLoader.h */ = {isa = PBXFileReference; fileEncoding = 4; lastKnownFileType = sourcecode.c.h; path = TYViewControllerLoader.h; sourceTree = "<group>"; };
		6755DF381AA455DE000120B9 /* TYViewControllerLoader.m */ = {isa = PBXFileReference; fileEncoding = 4; lastKnownFileType = sourcecode.c.objc; path = TYViewControllerLoader.m; sourceTree = "<group>"; };
		6755DF3E1AA459B1000120B9 /* TYHomeViewController.h */ = {isa = PBXFileReference; fileEncoding = 4; lastKnownFileType = sourcecode.c.h; path = TYHomeViewController.h; sourceTree = "<group>"; };
		6755DF3F1AA459B1000120B9 /* TYHomeViewController.m */ = {isa = PBXFileReference; fileEncoding = 4; lastKnownFileType = sourcecode.c.objc; path = TYHomeViewController.m; sourceTree = "<group>"; };
		6755DF461AA45A56000120B9 /* TYLoginViewController.h */ = {isa = PBXFileReference; fileEncoding = 4; lastKnownFileType = sourcecode.c.h; path = TYLoginViewController.h; sourceTree = "<group>"; };
		6755DF471AA45A56000120B9 /* TYLoginViewController.m */ = {isa = PBXFileReference; fileEncoding = 4; lastKnownFileType = sourcecode.c.objc; path = TYLoginViewController.m; sourceTree = "<group>"; };
		6755DF5E1AA466E9000120B9 /* TYDatabaseConnector.h */ = {isa = PBXFileReference; fileEncoding = 4; lastKnownFileType = sourcecode.c.h; path = TYDatabaseConnector.h; sourceTree = "<group>"; };
		6755DF5F1AA466E9000120B9 /* TYDatabaseConnector.m */ = {isa = PBXFileReference; fileEncoding = 4; lastKnownFileType = sourcecode.c.objc; path = TYDatabaseConnector.m; sourceTree = "<group>"; };
		6764CB921AD2DF2E000A090B /* RSProgressHUD.bundle */ = {isa = PBXFileReference; lastKnownFileType = "wrapper.plug-in"; path = RSProgressHUD.bundle; sourceTree = "<group>"; };
		6764CB931AD2DF2E000A090B /* RSProgressHUD.h */ = {isa = PBXFileReference; fileEncoding = 4; lastKnownFileType = sourcecode.c.h; path = RSProgressHUD.h; sourceTree = "<group>"; };
		6764CB941AD2DF2E000A090B /* RSProgressHUD.m */ = {isa = PBXFileReference; fileEncoding = 4; lastKnownFileType = sourcecode.c.objc; path = RSProgressHUD.m; sourceTree = "<group>"; };
		6764CB981AD2E13F000A090B /* TYAccountAccess.h */ = {isa = PBXFileReference; fileEncoding = 4; lastKnownFileType = sourcecode.c.h; path = TYAccountAccess.h; sourceTree = "<group>"; };
		6764CB991AD2E13F000A090B /* TYAccountAccess.m */ = {isa = PBXFileReference; fileEncoding = 4; lastKnownFileType = sourcecode.c.objc; path = TYAccountAccess.m; sourceTree = "<group>"; };
		6764CB9C1AD2E24D000A090B /* TYPasswordEncoder.h */ = {isa = PBXFileReference; fileEncoding = 4; lastKnownFileType = sourcecode.c.h; path = TYPasswordEncoder.h; sourceTree = "<group>"; };
		6764CB9D1AD2E24D000A090B /* TYPasswordEncoder.m */ = {isa = PBXFileReference; fileEncoding = 4; lastKnownFileType = sourcecode.c.objc; path = TYPasswordEncoder.m; sourceTree = "<group>"; };
		6764CBA01AD2E584000A090B /* TYNameVerify.h */ = {isa = PBXFileReference; fileEncoding = 4; lastKnownFileType = sourcecode.c.h; path = TYNameVerify.h; sourceTree = "<group>"; };
		6764CBA11AD2E584000A090B /* TYNameVerify.m */ = {isa = PBXFileReference; fileEncoding = 4; lastKnownFileType = sourcecode.c.objc; path = TYNameVerify.m; sourceTree = "<group>"; };
		6764CBA41AD2E8A9000A090B /* RSOptionDefines.h */ = {isa = PBXFileReference; fileEncoding = 4; lastKnownFileType = sourcecode.c.h; path = RSOptionDefines.h; sourceTree = "<group>"; };
		6764CBA51AD2E8A9000A090B /* RSOptions.h */ = {isa = PBXFileReference; fileEncoding = 4; lastKnownFileType = sourcecode.c.h; path = RSOptions.h; sourceTree = "<group>"; };
		6764CBA61AD2E8A9000A090B /* RSOptions.m */ = {isa = PBXFileReference; fileEncoding = 4; lastKnownFileType = sourcecode.c.objc; path = RSOptions.m; sourceTree = "<group>"; };
		6764CBA81AD2EA1D000A090B /* TYEmailVerify.h */ = {isa = PBXFileReference; fileEncoding = 4; lastKnownFileType = sourcecode.c.h; path = TYEmailVerify.h; sourceTree = "<group>"; };
		6764CBA91AD2EA1D000A090B /* TYEmailVerify.m */ = {isa = PBXFileReference; fileEncoding = 4; lastKnownFileType = sourcecode.c.objc; path = TYEmailVerify.m; sourceTree = "<group>"; };
		6764CBAC1AD2ECAE000A090B /* RSSettingSelectView.h */ = {isa = PBXFileReference; fileEncoding = 4; lastKnownFileType = sourcecode.c.h; path = RSSettingSelectView.h; sourceTree = "<group>"; };
		6764CBAD1AD2ECAE000A090B /* RSSettingSelectView.m */ = {isa = PBXFileReference; fileEncoding = 4; lastKnownFileType = sourcecode.c.objc; path = RSSettingSelectView.m; sourceTree = "<group>"; };
		6764CBAE1AD2ECAE000A090B /* RSSettingSelectView.xib */ = {isa = PBXFileReference; fileEncoding = 4; lastKnownFileType = file.xib; path = RSSettingSelectView.xib; sourceTree = "<group>"; };
		6764CBB21AD2ED60000A090B /* RSCommonLabel.h */ = {isa = PBXFileReference; fileEncoding = 4; lastKnownFileType = sourcecode.c.h; path = RSCommonLabel.h; sourceTree = "<group>"; };
		6764CBB31AD2ED60000A090B /* RSCommonLabel.m */ = {isa = PBXFileReference; fileEncoding = 4; lastKnownFileType = sourcecode.c.objc; path = RSCommonLabel.m; sourceTree = "<group>"; };
		6764CBB41AD2ED60000A090B /* RSMultiImageEditView.h */ = {isa = PBXFileReference; fileEncoding = 4; lastKnownFileType = sourcecode.c.h; path = RSMultiImageEditView.h; sourceTree = "<group>"; };
		6764CBB51AD2ED60000A090B /* RSMultiImageEditView.m */ = {isa = PBXFileReference; fileEncoding = 4; lastKnownFileType = sourcecode.c.objc; path = RSMultiImageEditView.m; sourceTree = "<group>"; };
		6764CBB61AD2ED60000A090B /* RSRoundImageView.h */ = {isa = PBXFileReference; fileEncoding = 4; lastKnownFileType = sourcecode.c.h; path = RSRoundImageView.h; sourceTree = "<group>"; };
		6764CBB71AD2ED60000A090B /* RSRoundImageView.m */ = {isa = PBXFileReference; fileEncoding = 4; lastKnownFileType = sourcecode.c.objc; path = RSRoundImageView.m; sourceTree = "<group>"; };
		6764CBB81AD2ED60000A090B /* RSRoundView.swift */ = {isa = PBXFileReference; fileEncoding = 4; lastKnownFileType = sourcecode.swift; path = RSRoundView.swift; sourceTree = "<group>"; };
		6764CBB91AD2ED60000A090B /* RSSeparateView.h */ = {isa = PBXFileReference; fileEncoding = 4; lastKnownFileType = sourcecode.c.h; path = RSSeparateView.h; sourceTree = "<group>"; };
		6764CBBA1AD2ED60000A090B /* RSSeparateView.m */ = {isa = PBXFileReference; fileEncoding = 4; lastKnownFileType = sourcecode.c.objc; path = RSSeparateView.m; sourceTree = "<group>"; };
		6764CBBC1AD2ED60000A090B /* RSShareActionView.h */ = {isa = PBXFileReference; fileEncoding = 4; lastKnownFileType = sourcecode.c.h; path = RSShareActionView.h; sourceTree = "<group>"; };
		6764CBBD1AD2ED60000A090B /* RSShareActionView.m */ = {isa = PBXFileReference; fileEncoding = 4; lastKnownFileType = sourcecode.c.objc; path = RSShareActionView.m; sourceTree = "<group>"; };
		6764CBBE1AD2ED60000A090B /* RSView.swift */ = {isa = PBXFileReference; fileEncoding = 4; lastKnownFileType = sourcecode.swift; path = RSView.swift; sourceTree = "<group>"; };
		6764CBBF1AD2ED60000A090B /* TYCustomBtn.h */ = {isa = PBXFileReference; fileEncoding = 4; lastKnownFileType = sourcecode.c.h; path = TYCustomBtn.h; sourceTree = "<group>"; };
		6764CBC01AD2ED60000A090B /* TYCustomBtn.m */ = {isa = PBXFileReference; fileEncoding = 4; lastKnownFileType = sourcecode.c.objc; path = TYCustomBtn.m; sourceTree = "<group>"; };
		6764CBC11AD2ED60000A090B /* UIImage+Resize.h */ = {isa = PBXFileReference; fileEncoding = 4; lastKnownFileType = sourcecode.c.h; path = "UIImage+Resize.h"; sourceTree = "<group>"; };
		6764CBC21AD2ED60000A090B /* UIImage+Resize.m */ = {isa = PBXFileReference; fileEncoding = 4; lastKnownFileType = sourcecode.c.objc; path = "UIImage+Resize.m"; sourceTree = "<group>"; };
		6764CBC31AD2ED60000A090B /* UIImage+TY.h */ = {isa = PBXFileReference; fileEncoding = 4; lastKnownFileType = sourcecode.c.h; path = "UIImage+TY.h"; sourceTree = "<group>"; };
		6764CBC41AD2ED60000A090B /* UIImage+TY.m */ = {isa = PBXFileReference; fileEncoding = 4; lastKnownFileType = sourcecode.c.objc; path = "UIImage+TY.m"; sourceTree = "<group>"; };
		6764CBC51AD2ED60000A090B /* UIView+Ellipse.h */ = {isa = PBXFileReference; fileEncoding = 4; lastKnownFileType = sourcecode.c.h; path = "UIView+Ellipse.h"; sourceTree = "<group>"; };
		6764CBC61AD2ED60000A090B /* UIView+Ellipse.m */ = {isa = PBXFileReference; fileEncoding = 4; lastKnownFileType = sourcecode.c.objc; path = "UIView+Ellipse.m"; sourceTree = "<group>"; };
		6764CBD21AD2F098000A090B /* TYThread.h */ = {isa = PBXFileReference; fileEncoding = 4; lastKnownFileType = sourcecode.c.h; path = TYThread.h; sourceTree = "<group>"; };
		6764CBD31AD2F098000A090B /* TYThread.m */ = {isa = PBXFileReference; fileEncoding = 4; lastKnownFileType = sourcecode.c.objc; path = TYThread.m; sourceTree = "<group>"; };
		6764CBD51AD2F2AD000A090B /* TYPlaceholderTextView.h */ = {isa = PBXFileReference; fileEncoding = 4; lastKnownFileType = sourcecode.c.h; path = TYPlaceholderTextView.h; sourceTree = "<group>"; };
		6764CBD61AD2F2AD000A090B /* TYPlaceholderTextView.m */ = {isa = PBXFileReference; fileEncoding = 4; lastKnownFileType = sourcecode.c.objc; path = TYPlaceholderTextView.m; sourceTree = "<group>"; };
		67695A481AB73DF400FC595B /* TYDrawViewController.h */ = {isa = PBXFileReference; fileEncoding = 4; lastKnownFileType = sourcecode.c.h; path = TYDrawViewController.h; sourceTree = "<group>"; };
		67695A491AB73DF400FC595B /* TYDrawViewController.m */ = {isa = PBXFileReference; fileEncoding = 4; lastKnownFileType = sourcecode.c.objc; path = TYDrawViewController.m; sourceTree = "<group>"; };
		67695A4C1AB73E4700FC595B /* TyDrawView.h */ = {isa = PBXFileReference; fileEncoding = 4; lastKnownFileType = sourcecode.c.h; path = TyDrawView.h; sourceTree = "<group>"; };
		67695A4D1AB73E4700FC595B /* TyDrawView.m */ = {isa = PBXFileReference; fileEncoding = 4; lastKnownFileType = sourcecode.c.objc; path = TyDrawView.m; sourceTree = "<group>"; };
		678B3E221AA7F8E00021ED6D /* TYSharePath.h */ = {isa = PBXFileReference; fileEncoding = 4; lastKnownFileType = sourcecode.c.h; path = TYSharePath.h; sourceTree = "<group>"; };
		678B3E231AA7F8E00021ED6D /* TYSharePath.m */ = {isa = PBXFileReference; fileEncoding = 4; lastKnownFileType = sourcecode.c.objc; path = TYSharePath.m; sourceTree = "<group>"; };
		67FD72351AD0D998007EAE30 /* TYRowMapper.h */ = {isa = PBXFileReference; fileEncoding = 4; lastKnownFileType = sourcecode.c.h; path = TYRowMapper.h; sourceTree = "<group>"; };
		67FD72361AD0D998007EAE30 /* TYRowMapper.m */ = {isa = PBXFileReference; fileEncoding = 4; lastKnownFileType = sourcecode.c.objc; path = TYRowMapper.m; sourceTree = "<group>"; };
		67FD72381AD0DB30007EAE30 /* AppDelegate.h */ = {isa = PBXFileReference; fileEncoding = 4; lastKnownFileType = sourcecode.c.h; name = AppDelegate.h; path = TYHomework/AppDelegate.h; sourceTree = SOURCE_ROOT; };
		67FD72391AD0DB30007EAE30 /* AppDelegate.m */ = {isa = PBXFileReference; fileEncoding = 4; lastKnownFileType = sourcecode.c.objc; name = AppDelegate.m; path = TYHomework/AppDelegate.m; sourceTree = SOURCE_ROOT; };
		67FD723A1AD0DB30007EAE30 /* ViewController.h */ = {isa = PBXFileReference; fileEncoding = 4; lastKnownFileType = sourcecode.c.h; name = ViewController.h; path = TYHomework/ViewController.h; sourceTree = SOURCE_ROOT; };
		67FD723B1AD0DB30007EAE30 /* ViewController.m */ = {isa = PBXFileReference; fileEncoding = 4; lastKnownFileType = sourcecode.c.objc; name = ViewController.m; path = TYHomework/ViewController.m; sourceTree = SOURCE_ROOT; };
		67FD723F1AD0E20E007EAE30 /* Base */ = {isa = PBXFileReference; lastKnownFileType = file.xib; name = Base; path = Base.lproj/LaunchScreen.xib; sourceTree = "<group>"; };
		67FD72411AD0E20E007EAE30 /* Base */ = {isa = PBXFileReference; lastKnownFileType = file.storyboard; name = Base; path = Base.lproj/Main.storyboard; sourceTree = "<group>"; };
		BC757E76103B4A05570EB6BB /* Pods.release.xcconfig */ = {isa = PBXFileReference; includeInIndex = 1; lastKnownFileType = text.xcconfig; name = Pods.release.xcconfig; path = "Pods/Target Support Files/Pods/Pods.release.xcconfig"; sourceTree = "<group>"; };
		E3DDD85A6DE1F8802EC93DC9 /* Pods.debug.xcconfig */ = {isa = PBXFileReference; includeInIndex = 1; lastKnownFileType = text.xcconfig; name = Pods.debug.xcconfig; path = "Pods/Target Support Files/Pods/Pods.debug.xcconfig"; sourceTree = "<group>"; };
/* End PBXFileReference section */

/* Begin PBXFrameworksBuildPhase section */
		6755DEB01AA40267000120B9 /* Frameworks */ = {
			isa = PBXFrameworksBuildPhase;
			buildActionMask = 2147483647;
			files = (
				A23FF36CB1663BD78ED43863 /* libPods.a in Frameworks */,
			);
			runOnlyForDeploymentPostprocessing = 0;
		};
		6755DEC91AA40267000120B9 /* Frameworks */ = {
			isa = PBXFrameworksBuildPhase;
			buildActionMask = 2147483647;
			files = (
			);
			runOnlyForDeploymentPostprocessing = 0;
		};
/* End PBXFrameworksBuildPhase section */

/* Begin PBXGroup section */
		6709A4BC1AA479BC004CF88A /* Storage */ = {
			isa = PBXGroup;
			children = (
				6709A4BD1AA479CF004CF88A /* TYShareStorage.h */,
				6709A4BE1AA479CF004CF88A /* TYShareStorage.m */,
			);
			path = Storage;
			sourceTree = "<group>";
		};
		672F59BA1AD19537002BC84C /* Animation */ = {
			isa = PBXGroup;
			children = (
				672F59BB1AD19537002BC84C /* TYAnimationController.h */,
				672F59BC1AD19537002BC84C /* TYAnimationController.m */,
				672F59BE1AD1966C002BC84C /* TYViewControllerAnimationDelegate.h */,
				672F59BF1AD1966C002BC84C /* TYViewControllerAnimationDelegate.m */,
			);
			path = Animation;
			sourceTree = "<group>";
		};
		67376C7A1AB7C86300EB7215 /* TextView */ = {
			isa = PBXGroup;
			children = (
				6764CBD51AD2F2AD000A090B /* TYPlaceholderTextView.h */,
				6764CBD61AD2F2AD000A090B /* TYPlaceholderTextView.m */,
				67376C7B1AB7C86300EB7215 /* TYTextView.h */,
				67376C7C1AB7C86300EB7215 /* TYTextView.m */,
			);
			path = TextView;
			sourceTree = "<group>";
		};
		6755DEAA1AA40267000120B9 = {
			isa = PBXGroup;
			children = (
				6755DEB51AA40267000120B9 /* TYHomework */,
				6755DECF1AA40267000120B9 /* TYHomeworkTests */,
				6755DEB41AA40267000120B9 /* Products */,
				F99AA7445370220AADC0F2CF /* Pods */,
				DB28435FEFE7C28477E794EF /* Frameworks */,
			);
			sourceTree = "<group>";
		};
		6755DEB41AA40267000120B9 /* Products */ = {
			isa = PBXGroup;
			children = (
				6755DEB31AA40267000120B9 /* TYHomework.app */,
				6755DECC1AA40267000120B9 /* TYHomeworkTests.xctest */,
			);
			name = Products;
			sourceTree = "<group>";
		};
		6755DEB51AA40267000120B9 /* TYHomework */ = {
			isa = PBXGroup;
			children = (
				67FD723E1AD0E20E007EAE30 /* LaunchScreen.xib */,
				67FD72401AD0E20E007EAE30 /* Main.storyboard */,
				6755DEDE1AA4037D000120B9 /* Model */,
				6755DEDF1AA4037D000120B9 /* View */,
				6755DEE01AA4037D000120B9 /* ViewController */,
				6755DEF71AA40CD2000120B9 /* Common */,
				6764CB901AD2DF22000A090B /* 3rk */,
				6755DEDD1AA4037D000120B9 /* Frameworks */,
				6755DEC31AA40267000120B9 /* Images.xcassets */,
				6755DEB61AA40267000120B9 /* Supporting Files */,
			);
			path = TYHomework;
			sourceTree = "<group>";
		};
		6755DEB61AA40267000120B9 /* Supporting Files */ = {
			isa = PBXGroup;
			children = (
				672F59C11AD19A2C002BC84C /* TYCommon.h */,
				6755DEB71AA40267000120B9 /* Info.plist */,
				6755DEB81AA40267000120B9 /* main.m */,
				6755DF351AA44A85000120B9 /* TYHomework.pch */,
				6709A49B1AA46DC2004CF88A /* TYCommonString.h */,
			);
			name = "Supporting Files";
			sourceTree = "<group>";
		};
		6755DECF1AA40267000120B9 /* TYHomeworkTests */ = {
			isa = PBXGroup;
			children = (
				6755DED21AA40267000120B9 /* TYHomeworkTests.m */,
				6755DED01AA40267000120B9 /* Supporting Files */,
			);
			path = TYHomeworkTests;
			sourceTree = "<group>";
		};
		6755DED01AA40267000120B9 /* Supporting Files */ = {
			isa = PBXGroup;
			children = (
				6755DED11AA40267000120B9 /* Info.plist */,
			);
			name = "Supporting Files";
			sourceTree = "<group>";
		};
		6755DEDD1AA4037D000120B9 /* Frameworks */ = {
			isa = PBXGroup;
			children = (
				6764CBA31AD2E7A8000A090B /* Base */,
				6764CB9F1AD2E571000A090B /* security */,
				6755DF5D1AA4660A000120B9 /* DataBase */,
			);
			path = Frameworks;
			sourceTree = "<group>";
		};
		6755DEDE1AA4037D000120B9 /* Model */ = {
			isa = PBXGroup;
			children = (
				6764CB9B1AD2E243000A090B /* Other */,
				6764CB971AD2E09F000A090B /* Access */,
				672F59BA1AD19537002BC84C /* Animation */,
				678B3E211AA7F8C90021ED6D /* Assist */,
				6709A4BC1AA479BC004CF88A /* Storage */,
				6755DEE21AA40B30000120B9 /* BaseModel */,
			);
			path = Model;
			sourceTree = "<group>";
		};
		6755DEDF1AA4037D000120B9 /* View */ = {
			isa = PBXGroup;
			children = (
				6764CBB11AD2ED60000A090B /* common */,
				6764CBAB1AD2ECAE000A090B /* PickerVew */,
				67376C7A1AB7C86300EB7215 /* TextView */,
				67695A4F1AB73F7200FC595B /* Other */,
				67695A4B1AB73E3500FC595B /* DrawView */,
				6755DEED1AA40BB9000120B9 /* Cell */,
				6755DEE31AA40B3D000120B9 /* BaseView */,
			);
			path = View;
			sourceTree = "<group>";
		};
		6755DEE01AA4037D000120B9 /* ViewController */ = {
			isa = PBXGroup;
			children = (
				67695A471AB73DCC00FC595B /* DrawViewController */,
				67695A461AB73DA200FC595B /* VideoViewController */,
				6755DF451AA45A46000120B9 /* LoginViewController */,
				6755DF411AA459F9000120B9 /* RegisterViewController */,
				6755DF3D1AA459B1000120B9 /* HomeViewController */,
				6755DEF41AA40C68000120B9 /* WelcomeViewController */,
				6755DEE11AA4037D000120B9 /* BaseViewController */,
			);
			path = ViewController;
			sourceTree = "<group>";
		};
		6755DEE11AA4037D000120B9 /* BaseViewController */ = {
			isa = PBXGroup;
			children = (
				6755DEEA1AA40B9E000120B9 /* TYBaseViewController.h */,
				6755DEEB1AA40B9E000120B9 /* TYBaseViewController.m */,
				6755DEF11AA40C12000120B9 /* TYBaseTableViewController.h */,
				6755DEF21AA40C12000120B9 /* TYBaseTableViewController.m */,
				6755DF371AA455DE000120B9 /* TYViewControllerLoader.h */,
				6755DF381AA455DE000120B9 /* TYViewControllerLoader.m */,
				672F59B71AD19327002BC84C /* TYBaseNavigationController.h */,
				672F59B81AD19327002BC84C /* TYBaseNavigationController.m */,
			);
			path = BaseViewController;
			sourceTree = "<group>";
		};
		6755DEE21AA40B30000120B9 /* BaseModel */ = {
			isa = PBXGroup;
			children = (
				6755DEE41AA40B57000120B9 /* TYObject.h */,
				6755DEE51AA40B57000120B9 /* TYObject.m */,
				6709A4981AA46B67004CF88A /* TYDebugLog.h */,
				6709A4991AA46B67004CF88A /* TYDebugLog.m */,
				6709A49C1AA46EF1004CF88A /* TYAccount.h */,
				6709A49D1AA46EF1004CF88A /* TYAccount.m */,
			);
			path = BaseModel;
			sourceTree = "<group>";
		};
		6755DEE31AA40B3D000120B9 /* BaseView */ = {
			isa = PBXGroup;
			children = (
				6755DEE71AA40B80000120B9 /* TYBaseView.h */,
				6755DEE81AA40B80000120B9 /* TYBaseView.m */,
			);
			path = BaseView;
			sourceTree = "<group>";
		};
		6755DEED1AA40BB9000120B9 /* Cell */ = {
			isa = PBXGroup;
			children = (
				6755DEEE1AA40BD5000120B9 /* TYBaseCell.h */,
				6755DEEF1AA40BD5000120B9 /* TYBaseCell.m */,
			);
			path = Cell;
			sourceTree = "<group>";
		};
		6755DEF41AA40C68000120B9 /* WelcomeViewController */ = {
			isa = PBXGroup;
			children = (
				6755DEF51AA40C8A000120B9 /* WelcomeViewController.storyboard */,
				6755DF321AA44226000120B9 /* TYWelcomeViewController.h */,
				6755DF331AA44226000120B9 /* TYWelcomeViewController.m */,
			);
			path = WelcomeViewController;
			sourceTree = "<group>";
		};
		6755DEF71AA40CD2000120B9 /* Common */ = {
			isa = PBXGroup;
			children = (
				67FD72381AD0DB30007EAE30 /* AppDelegate.h */,
				67FD72391AD0DB30007EAE30 /* AppDelegate.m */,
				67FD723A1AD0DB30007EAE30 /* ViewController.h */,
				67FD723B1AD0DB30007EAE30 /* ViewController.m */,
			);
			path = Common;
			sourceTree = "<group>";
		};
		6755DF3D1AA459B1000120B9 /* HomeViewController */ = {
			isa = PBXGroup;
			children = (
				6755DF3E1AA459B1000120B9 /* TYHomeViewController.h */,
				6755DF3F1AA459B1000120B9 /* TYHomeViewController.m */,
			);
			path = HomeViewController;
			sourceTree = "<group>";
		};
		6755DF411AA459F9000120B9 /* RegisterViewController */ = {
			isa = PBXGroup;
			children = (
				674364F21AD2D06300CA6EF0 /* RSRegisterViewController.storyboard */,
				674364F41AD2D10600CA6EF0 /* RSEmailRegisterViewController.h */,
				674364F51AD2D10600CA6EF0 /* RSEmailRegisterViewController.m */,
				674364F61AD2D10600CA6EF0 /* TYFillPersonalMessageViewControllr.h */,
				674364F71AD2D10600CA6EF0 /* TYFillPersonalMessageViewControllr.m */,
				674364F81AD2D10600CA6EF0 /* TYFillProfileViewController.h */,
				674364F91AD2D10600CA6EF0 /* TYFillProfileViewController.m */,
				674364FC1AD2D10600CA6EF0 /* RSTextFieldKeyboardViewController.h */,
				674364FD1AD2D10600CA6EF0 /* RSTextFieldKeyboardViewController.m */,
				674364FE1AD2D10600CA6EF0 /* TYRegisterHomeViewController.h */,
				674364FF1AD2D10600CA6EF0 /* TYRegisterHomeViewController.m */,
				674365001AD2D10600CA6EF0 /* VPImageCropperViewController.h */,
				674365011AD2D10600CA6EF0 /* VPImageCropperViewController.m */,
				6743650C1AD2DCA900CA6EF0 /* TYRegisterViewController.h */,
				6743650D1AD2DCA900CA6EF0 /* TYRegisterViewController.m */,
			);
			path = RegisterViewController;
			sourceTree = "<group>";
		};
		6755DF451AA45A46000120B9 /* LoginViewController */ = {
			isa = PBXGroup;
			children = (
				6755DF461AA45A56000120B9 /* TYLoginViewController.h */,
				6755DF471AA45A56000120B9 /* TYLoginViewController.m */,
			);
			path = LoginViewController;
			sourceTree = "<group>";
		};
		6755DF5D1AA4660A000120B9 /* DataBase */ = {
			isa = PBXGroup;
			children = (
				67FD72351AD0D998007EAE30 /* TYRowMapper.h */,
				67FD72361AD0D998007EAE30 /* TYRowMapper.m */,
				6755DF5E1AA466E9000120B9 /* TYDatabaseConnector.h */,
				6755DF5F1AA466E9000120B9 /* TYDatabaseConnector.m */,
			);
			path = DataBase;
			sourceTree = "<group>";
		};
		6764CB901AD2DF22000A090B /* 3rk */ = {
			isa = PBXGroup;
			children = (
				6764CB911AD2DF2E000A090B /* HUD */,
			);
			path = 3rk;
			sourceTree = "<group>";
		};
		6764CB911AD2DF2E000A090B /* HUD */ = {
			isa = PBXGroup;
			children = (
				6764CB921AD2DF2E000A090B /* RSProgressHUD.bundle */,
				6764CB931AD2DF2E000A090B /* RSProgressHUD.h */,
				6764CB941AD2DF2E000A090B /* RSProgressHUD.m */,
			);
			path = HUD;
			sourceTree = "<group>";
		};
		6764CB971AD2E09F000A090B /* Access */ = {
			isa = PBXGroup;
			children = (
				6764CB981AD2E13F000A090B /* TYAccountAccess.h */,
				6764CB991AD2E13F000A090B /* TYAccountAccess.m */,
			);
			path = Access;
			sourceTree = "<group>";
		};
		6764CB9B1AD2E243000A090B /* Other */ = {
			isa = PBXGroup;
			children = (
				6764CB9C1AD2E24D000A090B /* TYPasswordEncoder.h */,
				6764CB9D1AD2E24D000A090B /* TYPasswordEncoder.m */,
			);
			path = Other;
			sourceTree = "<group>";
		};
		6764CB9F1AD2E571000A090B /* security */ = {
			isa = PBXGroup;
			children = (
				6764CBA01AD2E584000A090B /* TYNameVerify.h */,
				6764CBA11AD2E584000A090B /* TYNameVerify.m */,
				6764CBA81AD2EA1D000A090B /* TYEmailVerify.h */,
				6764CBA91AD2EA1D000A090B /* TYEmailVerify.m */,
			);
			path = security;
			sourceTree = "<group>";
		};
		6764CBA31AD2E7A8000A090B /* Base */ = {
			isa = PBXGroup;
			children = (
				6764CBA41AD2E8A9000A090B /* RSOptionDefines.h */,
				6764CBA51AD2E8A9000A090B /* RSOptions.h */,
				6764CBA61AD2E8A9000A090B /* RSOptions.m */,
				6764CBD21AD2F098000A090B /* TYThread.h */,
				6764CBD31AD2F098000A090B /* TYThread.m */,
			);
			path = Base;
			sourceTree = "<group>";
		};
		6764CBAB1AD2ECAE000A090B /* PickerVew */ = {
			isa = PBXGroup;
			children = (
				6764CBAC1AD2ECAE000A090B /* RSSettingSelectView.h */,
				6764CBAD1AD2ECAE000A090B /* RSSettingSelectView.m */,
				6764CBAE1AD2ECAE000A090B /* RSSettingSelectView.xib */,
			);
			path = PickerVew;
			sourceTree = "<group>";
		};
		6764CBB11AD2ED60000A090B /* common */ = {
			isa = PBXGroup;
			children = (
				6764CBB21AD2ED60000A090B /* RSCommonLabel.h */,
				6764CBB31AD2ED60000A090B /* RSCommonLabel.m */,
				6764CBB41AD2ED60000A090B /* RSMultiImageEditView.h */,
				6764CBB51AD2ED60000A090B /* RSMultiImageEditView.m */,
				6764CBB61AD2ED60000A090B /* RSRoundImageView.h */,
				6764CBB71AD2ED60000A090B /* RSRoundImageView.m */,
				6764CBB81AD2ED60000A090B /* RSRoundView.swift */,
				6764CBB91AD2ED60000A090B /* RSSeparateView.h */,
				6764CBBA1AD2ED60000A090B /* RSSeparateView.m */,
				6764CBBB1AD2ED60000A090B /* RSShareActionView */,
				6764CBBE1AD2ED60000A090B /* RSView.swift */,
				6764CBBF1AD2ED60000A090B /* TYCustomBtn.h */,
				6764CBC01AD2ED60000A090B /* TYCustomBtn.m */,
				6764CBC11AD2ED60000A090B /* UIImage+Resize.h */,
				6764CBC21AD2ED60000A090B /* UIImage+Resize.m */,
				6764CBC31AD2ED60000A090B /* UIImage+TY.h */,
				6764CBC41AD2ED60000A090B /* UIImage+TY.m */,
				6764CBC51AD2ED60000A090B /* UIView+Ellipse.h */,
				6764CBC61AD2ED60000A090B /* UIView+Ellipse.m */,
			);
			path = common;
			sourceTree = "<group>";
		};
		6764CBBB1AD2ED60000A090B /* RSShareActionView */ = {
			isa = PBXGroup;
			children = (
				6764CBBC1AD2ED60000A090B /* RSShareActionView.h */,
				6764CBBD1AD2ED60000A090B /* RSShareActionView.m */,
			);
			path = RSShareActionView;
			sourceTree = "<group>";
		};
		67695A461AB73DA200FC595B /* VideoViewController */ = {
			isa = PBXGroup;
			children = (
			);
			path = VideoViewController;
			sourceTree = "<group>";
		};
		67695A471AB73DCC00FC595B /* DrawViewController */ = {
			isa = PBXGroup;
			children = (
				67695A481AB73DF400FC595B /* TYDrawViewController.h */,
				67695A491AB73DF400FC595B /* TYDrawViewController.m */,
			);
			path = DrawViewController;
			sourceTree = "<group>";
		};
		67695A4B1AB73E3500FC595B /* DrawView */ = {
			isa = PBXGroup;
			children = (
				67695A4C1AB73E4700FC595B /* TyDrawView.h */,
				67695A4D1AB73E4700FC595B /* TyDrawView.m */,
			);
			path = DrawView;
			sourceTree = "<group>";
		};
		67695A4F1AB73F7200FC595B /* Other */ = {
			isa = PBXGroup;
			children = (
				67376C7E1AB7C94400EB7215 /* NSString+TY.h */,
				67376C7F1AB7C94400EB7215 /* NSString+TY.m */,
			);
			path = Other;
			sourceTree = "<group>";
		};
		678B3E211AA7F8C90021ED6D /* Assist */ = {
			isa = PBXGroup;
			children = (
				678B3E221AA7F8E00021ED6D /* TYSharePath.h */,
				678B3E231AA7F8E00021ED6D /* TYSharePath.m */,
			);
			path = Assist;
			sourceTree = "<group>";
		};
		DB28435FEFE7C28477E794EF /* Frameworks */ = {
			isa = PBXGroup;
			children = (
				02C877C3565F637E50DDE957 /* libPods.a */,
			);
			name = Frameworks;
			sourceTree = "<group>";
		};
		F99AA7445370220AADC0F2CF /* Pods */ = {
			isa = PBXGroup;
			children = (
				E3DDD85A6DE1F8802EC93DC9 /* Pods.debug.xcconfig */,
				BC757E76103B4A05570EB6BB /* Pods.release.xcconfig */,
			);
			name = Pods;
			sourceTree = "<group>";
		};
/* End PBXGroup section */

/* Begin PBXNativeTarget section */
		6755DEB21AA40267000120B9 /* TYHomework */ = {
			isa = PBXNativeTarget;
			buildConfigurationList = 6755DED61AA40267000120B9 /* Build configuration list for PBXNativeTarget "TYHomework" */;
			buildPhases = (
				FCA1CB803682D7D77980B30A /* Check Pods Manifest.lock */,
				6755DEAF1AA40267000120B9 /* Sources */,
				6755DEB01AA40267000120B9 /* Frameworks */,
				6755DEB11AA40267000120B9 /* Resources */,
				79D9E9057D389D9849B630DC /* Copy Pods Resources */,
			);
			buildRules = (
			);
			dependencies = (
			);
			name = TYHomework;
			productName = TYHomework;
			productReference = 6755DEB31AA40267000120B9 /* TYHomework.app */;
			productType = "com.apple.product-type.application";
		};
		6755DECB1AA40267000120B9 /* TYHomeworkTests */ = {
			isa = PBXNativeTarget;
			buildConfigurationList = 6755DED91AA40267000120B9 /* Build configuration list for PBXNativeTarget "TYHomeworkTests" */;
			buildPhases = (
				6755DEC81AA40267000120B9 /* Sources */,
				6755DEC91AA40267000120B9 /* Frameworks */,
				6755DECA1AA40267000120B9 /* Resources */,
			);
			buildRules = (
			);
			dependencies = (
				6755DECE1AA40267000120B9 /* PBXTargetDependency */,
			);
			name = TYHomeworkTests;
			productName = TYHomeworkTests;
			productReference = 6755DECC1AA40267000120B9 /* TYHomeworkTests.xctest */;
			productType = "com.apple.product-type.bundle.unit-test";
		};
/* End PBXNativeTarget section */

/* Begin PBXProject section */
		6755DEAB1AA40267000120B9 /* Project object */ = {
			isa = PBXProject;
			attributes = {
				LastUpgradeCheck = 0610;
				ORGANIZATIONNAME = RenYuXian;
				TargetAttributes = {
					6755DEB21AA40267000120B9 = {
						CreatedOnToolsVersion = 6.1.1;
					};
					6755DECB1AA40267000120B9 = {
						CreatedOnToolsVersion = 6.1.1;
						TestTargetID = 6755DEB21AA40267000120B9;
					};
				};
			};
			buildConfigurationList = 6755DEAE1AA40267000120B9 /* Build configuration list for PBXProject "TYHomework" */;
			compatibilityVersion = "Xcode 3.2";
			developmentRegion = English;
			hasScannedForEncodings = 0;
			knownRegions = (
				en,
				Base,
			);
			mainGroup = 6755DEAA1AA40267000120B9;
			productRefGroup = 6755DEB41AA40267000120B9 /* Products */;
			projectDirPath = "";
			projectRoot = "";
			targets = (
				6755DEB21AA40267000120B9 /* TYHomework */,
				6755DECB1AA40267000120B9 /* TYHomeworkTests */,
			);
		};
/* End PBXProject section */

/* Begin PBXResourcesBuildPhase section */
		6755DEB11AA40267000120B9 /* Resources */ = {
			isa = PBXResourcesBuildPhase;
			buildActionMask = 2147483647;
			files = (
				67FD72421AD0E20E007EAE30 /* LaunchScreen.xib in Resources */,
				6755DEF61AA40C8A000120B9 /* WelcomeViewController.storyboard in Resources */,
				6755DEC41AA40267000120B9 /* Images.xcassets in Resources */,
				67FD72431AD0E20E007EAE30 /* Main.storyboard in Resources */,
				674364F31AD2D06300CA6EF0 /* RSRegisterViewController.storyboard in Resources */,
				6764CB951AD2DF2E000A090B /* RSProgressHUD.bundle in Resources */,
				6764CBB01AD2ECAE000A090B /* RSSettingSelectView.xib in Resources */,
			);
			runOnlyForDeploymentPostprocessing = 0;
		};
		6755DECA1AA40267000120B9 /* Resources */ = {
			isa = PBXResourcesBuildPhase;
			buildActionMask = 2147483647;
			files = (
			);
			runOnlyForDeploymentPostprocessing = 0;
		};
/* End PBXResourcesBuildPhase section */

/* Begin PBXShellScriptBuildPhase section */
		79D9E9057D389D9849B630DC /* Copy Pods Resources */ = {
			isa = PBXShellScriptBuildPhase;
			buildActionMask = 2147483647;
			files = (
			);
			inputPaths = (
			);
			name = "Copy Pods Resources";
			outputPaths = (
			);
			runOnlyForDeploymentPostprocessing = 0;
			shellPath = /bin/sh;
			shellScript = "\"${SRCROOT}/Pods/Target Support Files/Pods/Pods-resources.sh\"\n";
			showEnvVarsInLog = 0;
		};
		FCA1CB803682D7D77980B30A /* Check Pods Manifest.lock */ = {
			isa = PBXShellScriptBuildPhase;
			buildActionMask = 2147483647;
			files = (
			);
			inputPaths = (
			);
			name = "Check Pods Manifest.lock";
			outputPaths = (
			);
			runOnlyForDeploymentPostprocessing = 0;
			shellPath = /bin/sh;
			shellScript = "diff \"${PODS_ROOT}/../Podfile.lock\" \"${PODS_ROOT}/Manifest.lock\" > /dev/null\nif [[ $? != 0 ]] ; then\n    cat << EOM\nerror: The sandbox is not in sync with the Podfile.lock. Run 'pod install' or update your CocoaPods installation.\nEOM\n    exit 1\nfi\n";
			showEnvVarsInLog = 0;
		};
/* End PBXShellScriptBuildPhase section */

/* Begin PBXSourcesBuildPhase section */
		6755DEAF1AA40267000120B9 /* Sources */ = {
			isa = PBXSourcesBuildPhase;
			buildActionMask = 2147483647;
			files = (
				6755DEEC1AA40B9E000120B9 /* TYBaseViewController.m in Sources */,
				6764CBD01AD2ED60000A090B /* UIImage+TY.m in Sources */,
				67FD723C1AD0DB30007EAE30 /* AppDelegate.m in Sources */,
				6764CBC81AD2ED60000A090B /* RSMultiImageEditView.m in Sources */,
				6764CBD11AD2ED60000A090B /* UIView+Ellipse.m in Sources */,
				67695A4A1AB73DF400FC595B /* TYDrawViewController.m in Sources */,
				6709A49A1AA46B67004CF88A /* TYDebugLog.m in Sources */,
				6764CBC91AD2ED60000A090B /* RSRoundImageView.m in Sources */,
				6755DEE91AA40B80000120B9 /* TYBaseView.m in Sources */,
				674365081AD2D10600CA6EF0 /* VPImageCropperViewController.m in Sources */,
				6764CB9A1AD2E13F000A090B /* TYAccountAccess.m in Sources */,
				678B3E241AA7F8E00021ED6D /* TYSharePath.m in Sources */,
				6755DF601AA466E9000120B9 /* TYDatabaseConnector.m in Sources */,
				674365021AD2D10600CA6EF0 /* RSEmailRegisterViewController.m in Sources */,
				6755DEE61AA40B57000120B9 /* TYObject.m in Sources */,
				6764CBAA1AD2EA1D000A090B /* TYEmailVerify.m in Sources */,
				672F59B91AD19327002BC84C /* TYBaseNavigationController.m in Sources */,
				6755DEF01AA40BD5000120B9 /* TYBaseCell.m in Sources */,
				67FD723D1AD0DB30007EAE30 /* ViewController.m in Sources */,
				6709A49E1AA46EF1004CF88A /* TYAccount.m in Sources */,
				6755DEF31AA40C12000120B9 /* TYBaseTableViewController.m in Sources */,
				6764CBCE1AD2ED60000A090B /* TYCustomBtn.m in Sources */,
				6755DEB91AA40267000120B9 /* main.m in Sources */,
				6755DF391AA455DE000120B9 /* TYViewControllerLoader.m in Sources */,
				6764CBD41AD2F098000A090B /* TYThread.m in Sources */,
				6764CBC71AD2ED60000A090B /* RSCommonLabel.m in Sources */,
				674365041AD2D10600CA6EF0 /* TYFillProfileViewController.m in Sources */,
				672F59BD1AD19537002BC84C /* TYAnimationController.m in Sources */,
				6764CB961AD2DF2E000A090B /* RSProgressHUD.m in Sources */,
				67FD72371AD0D998007EAE30 /* TYRowMapper.m in Sources */,
				67695A4E1AB73E4700FC595B /* TyDrawView.m in Sources */,
				67376C801AB7C94400EB7215 /* NSString+TY.m in Sources */,
				6764CBA21AD2E584000A090B /* TYNameVerify.m in Sources */,
				6755DF401AA459B1000120B9 /* TYHomeViewController.m in Sources */,
				6764CBCC1AD2ED60000A090B /* RSShareActionView.m in Sources */,
				6764CBCB1AD2ED60000A090B /* RSSeparateView.m in Sources */,
				67376C7D1AB7C86300EB7215 /* TYTextView.m in Sources */,
				674365071AD2D10600CA6EF0 /* TYRegisterHomeViewController.m in Sources */,
				6764CBAF1AD2ECAE000A090B /* RSSettingSelectView.m in Sources */,
				6755DF481AA45A56000120B9 /* TYLoginViewController.m in Sources */,
				6743650E1AD2DCA900CA6EF0 /* TYRegisterViewController.m in Sources */,
				6764CBCD1AD2ED60000A090B /* RSView.swift in Sources */,
				6764CB9E1AD2E24D000A090B /* TYPasswordEncoder.m in Sources */,
				6764CBCF1AD2ED60000A090B /* UIImage+Resize.m in Sources */,
				6755DF341AA44226000120B9 /* TYWelcomeViewController.m in Sources */,
				6764CBA71AD2E8A9000A090B /* RSOptions.m in Sources */,
				674365061AD2D10600CA6EF0 /* RSTextFieldKeyboardViewController.m in Sources */,
				6764CBCA1AD2ED60000A090B /* RSRoundView.swift in Sources */,
				6709A4BF1AA479CF004CF88A /* TYShareStorage.m in Sources */,
				672F59C01AD1966C002BC84C /* TYViewControllerAnimationDelegate.m in Sources */,
				6764CBD71AD2F2AD000A090B /* TYPlaceholderTextView.m in Sources */,
				674365031AD2D10600CA6EF0 /* TYFillPersonalMessageViewControllr.m in Sources */,
			);
			runOnlyForDeploymentPostprocessing = 0;
		};
		6755DEC81AA40267000120B9 /* Sources */ = {
			isa = PBXSourcesBuildPhase;
			buildActionMask = 2147483647;
			files = (
				6755DED31AA40267000120B9 /* TYHomeworkTests.m in Sources */,
			);
			runOnlyForDeploymentPostprocessing = 0;
		};
/* End PBXSourcesBuildPhase section */

/* Begin PBXTargetDependency section */
		6755DECE1AA40267000120B9 /* PBXTargetDependency */ = {
			isa = PBXTargetDependency;
			target = 6755DEB21AA40267000120B9 /* TYHomework */;
			targetProxy = 6755DECD1AA40267000120B9 /* PBXContainerItemProxy */;
		};
/* End PBXTargetDependency section */

/* Begin PBXVariantGroup section */
		67FD723E1AD0E20E007EAE30 /* LaunchScreen.xib */ = {
			isa = PBXVariantGroup;
			children = (
				67FD723F1AD0E20E007EAE30 /* Base */,
			);
			name = LaunchScreen.xib;
			sourceTree = "<group>";
		};
		67FD72401AD0E20E007EAE30 /* Main.storyboard */ = {
			isa = PBXVariantGroup;
			children = (
				67FD72411AD0E20E007EAE30 /* Base */,
			);
			name = Main.storyboard;
			sourceTree = "<group>";
		};
/* End PBXVariantGroup section */

/* Begin XCBuildConfiguration section */
		6755DED41AA40267000120B9 /* Debug */ = {
			isa = XCBuildConfiguration;
			buildSettings = {
				ALWAYS_SEARCH_USER_PATHS = NO;
				CLANG_CXX_LANGUAGE_STANDARD = "gnu++0x";
				CLANG_CXX_LIBRARY = "libc++";
				CLANG_ENABLE_MODULES = YES;
				CLANG_ENABLE_OBJC_ARC = YES;
				CLANG_WARN_BOOL_CONVERSION = YES;
				CLANG_WARN_CONSTANT_CONVERSION = YES;
				CLANG_WARN_DIRECT_OBJC_ISA_USAGE = YES_ERROR;
				CLANG_WARN_EMPTY_BODY = YES;
				CLANG_WARN_ENUM_CONVERSION = YES;
				CLANG_WARN_INT_CONVERSION = YES;
				CLANG_WARN_OBJC_ROOT_CLASS = YES_ERROR;
				CLANG_WARN_UNREACHABLE_CODE = YES;
				CLANG_WARN__DUPLICATE_METHOD_MATCH = YES;
				"CODE_SIGN_IDENTITY[sdk=iphoneos*]" = "iPhone Developer";
				COPY_PHASE_STRIP = NO;
				ENABLE_STRICT_OBJC_MSGSEND = YES;
				GCC_C_LANGUAGE_STANDARD = gnu99;
				GCC_DYNAMIC_NO_PIC = NO;
				GCC_OPTIMIZATION_LEVEL = 0;
				GCC_PREPROCESSOR_DEFINITIONS = (
					"DEBUG=1",
					"$(inherited)",
				);
				GCC_SYMBOLS_PRIVATE_EXTERN = NO;
				GCC_WARN_64_TO_32_BIT_CONVERSION = YES;
				GCC_WARN_ABOUT_RETURN_TYPE = YES_ERROR;
				GCC_WARN_UNDECLARED_SELECTOR = YES;
				GCC_WARN_UNINITIALIZED_AUTOS = YES_AGGRESSIVE;
				GCC_WARN_UNUSED_FUNCTION = YES;
				GCC_WARN_UNUSED_VARIABLE = YES;
				IPHONEOS_DEPLOYMENT_TARGET = 8.1;
				MTL_ENABLE_DEBUG_INFO = YES;
				ONLY_ACTIVE_ARCH = YES;
				SDKROOT = iphoneos;
				TARGETED_DEVICE_FAMILY = "1,2";
			};
			name = Debug;
		};
		6755DED51AA40267000120B9 /* Release */ = {
			isa = XCBuildConfiguration;
			buildSettings = {
				ALWAYS_SEARCH_USER_PATHS = NO;
				CLANG_CXX_LANGUAGE_STANDARD = "gnu++0x";
				CLANG_CXX_LIBRARY = "libc++";
				CLANG_ENABLE_MODULES = YES;
				CLANG_ENABLE_OBJC_ARC = YES;
				CLANG_WARN_BOOL_CONVERSION = YES;
				CLANG_WARN_CONSTANT_CONVERSION = YES;
				CLANG_WARN_DIRECT_OBJC_ISA_USAGE = YES_ERROR;
				CLANG_WARN_EMPTY_BODY = YES;
				CLANG_WARN_ENUM_CONVERSION = YES;
				CLANG_WARN_INT_CONVERSION = YES;
				CLANG_WARN_OBJC_ROOT_CLASS = YES_ERROR;
				CLANG_WARN_UNREACHABLE_CODE = YES;
				CLANG_WARN__DUPLICATE_METHOD_MATCH = YES;
				"CODE_SIGN_IDENTITY[sdk=iphoneos*]" = "iPhone Developer";
				COPY_PHASE_STRIP = YES;
				ENABLE_NS_ASSERTIONS = NO;
				ENABLE_STRICT_OBJC_MSGSEND = YES;
				GCC_C_LANGUAGE_STANDARD = gnu99;
				GCC_WARN_64_TO_32_BIT_CONVERSION = YES;
				GCC_WARN_ABOUT_RETURN_TYPE = YES_ERROR;
				GCC_WARN_UNDECLARED_SELECTOR = YES;
				GCC_WARN_UNINITIALIZED_AUTOS = YES_AGGRESSIVE;
				GCC_WARN_UNUSED_FUNCTION = YES;
				GCC_WARN_UNUSED_VARIABLE = YES;
				IPHONEOS_DEPLOYMENT_TARGET = 8.1;
				MTL_ENABLE_DEBUG_INFO = NO;
				SDKROOT = iphoneos;
				TARGETED_DEVICE_FAMILY = "1,2";
				VALIDATE_PRODUCT = YES;
			};
			name = Release;
		};
		6755DED71AA40267000120B9 /* Debug */ = {
			isa = XCBuildConfiguration;
			baseConfigurationReference = E3DDD85A6DE1F8802EC93DC9 /* Pods.debug.xcconfig */;
			buildSettings = {
				ASSETCATALOG_COMPILER_APPICON_NAME = AppIcon;
				GCC_PREFIX_HEADER = "$(SRCROOT)/TYHomework/TYHomework.pch";
				INFOPLIST_FILE = TYHomework/Info.plist;
				LD_RUNPATH_SEARCH_PATHS = "$(inherited) @executable_path/Frameworks";
				PRODUCT_NAME = "$(TARGET_NAME)";
			};
			name = Debug;
		};
		6755DED81AA40267000120B9 /* Release */ = {
			isa = XCBuildConfiguration;
			baseConfigurationReference = BC757E76103B4A05570EB6BB /* Pods.release.xcconfig */;
			buildSettings = {
				ASSETCATALOG_COMPILER_APPICON_NAME = AppIcon;
				GCC_PREFIX_HEADER = "$(SRCROOT)/TYHomework/TYHomework.pch";
				INFOPLIST_FILE = TYHomework/Info.plist;
				LD_RUNPATH_SEARCH_PATHS = "$(inherited) @executable_path/Frameworks";
				PRODUCT_NAME = "$(TARGET_NAME)";
			};
			name = Release;
		};
		6755DEDA1AA40267000120B9 /* Debug */ = {
			isa = XCBuildConfiguration;
			buildSettings = {
				BUNDLE_LOADER = "$(TEST_HOST)";
				FRAMEWORK_SEARCH_PATHS = (
					"$(SDKROOT)/Developer/Library/Frameworks",
					"$(inherited)",
				);
				GCC_PREPROCESSOR_DEFINITIONS = (
					"DEBUG=1",
					"$(inherited)",
				);
				INFOPLIST_FILE = TYHomeworkTests/Info.plist;
				LD_RUNPATH_SEARCH_PATHS = "$(inherited) @executable_path/Frameworks @loader_path/Frameworks";
				PRODUCT_NAME = "$(TARGET_NAME)";
				TEST_HOST = "$(BUILT_PRODUCTS_DIR)/TYHomework.app/TYHomework";
			};
			name = Debug;
		};
		6755DEDB1AA40267000120B9 /* Release */ = {
			isa = XCBuildConfiguration;
			buildSettings = {
				BUNDLE_LOADER = "$(TEST_HOST)";
				FRAMEWORK_SEARCH_PATHS = (
					"$(SDKROOT)/Developer/Library/Frameworks",
					"$(inherited)",
				);
				INFOPLIST_FILE = TYHomeworkTests/Info.plist;
				LD_RUNPATH_SEARCH_PATHS = "$(inherited) @executable_path/Frameworks @loader_path/Frameworks";
				PRODUCT_NAME = "$(TARGET_NAME)";
				TEST_HOST = "$(BUILT_PRODUCTS_DIR)/TYHomework.app/TYHomework";
			};
			name = Release;
		};
/* End XCBuildConfiguration section */

/* Begin XCConfigurationList section */
		6755DEAE1AA40267000120B9 /* Build configuration list for PBXProject "TYHomework" */ = {
			isa = XCConfigurationList;
			buildConfigurations = (
				6755DED41AA40267000120B9 /* Debug */,
				6755DED51AA40267000120B9 /* Release */,
			);
			defaultConfigurationIsVisible = 0;
			defaultConfigurationName = Release;
		};
		6755DED61AA40267000120B9 /* Build configuration list for PBXNativeTarget "TYHomework" */ = {
			isa = XCConfigurationList;
			buildConfigurations = (
				6755DED71AA40267000120B9 /* Debug */,
				6755DED81AA40267000120B9 /* Release */,
			);
			defaultConfigurationIsVisible = 0;
			defaultConfigurationName = Release;
		};
		6755DED91AA40267000120B9 /* Build configuration list for PBXNativeTarget "TYHomeworkTests" */ = {
			isa = XCConfigurationList;
			buildConfigurations = (
				6755DEDA1AA40267000120B9 /* Debug */,
				6755DEDB1AA40267000120B9 /* Release */,
			);
			defaultConfigurationIsVisible = 0;
			defaultConfigurationName = Release;
		};
/* End XCConfigurationList section */
	};
	rootObject = 6755DEAB1AA40267000120B9 /* Project object */;
}
